
Microsoft Visual Studio Solution File, Format Version 12.00
# Visual Studio Version 17
VisualStudioVersion = 17.11.35303.130
MinimumVisualStudioVersion = 10.0.40219.1
Project("{FAE04EC0-301F-11D3-BF4B-00C04F79EFBC}") = "HataBildirimModel2", "HataBildirimModel2\HataBildirimModel2.csproj", "{34E2C3E9-3D08-42BF-927D-3E585279CAD7}"
EndProject
Global
	GlobalSection(SolutionConfigurationPlatforms) = preSolution
		Debug|Any CPU = Debug|Any CPU
		Release|Any CPU = Release|Any CPU
	EndGlobalSection
	GlobalSection(ProjectConfigurationPlatforms) = postSolution
		{34E2C3E9-3D08-42BF-927D-3E585279CAD7}.Debug|Any CPU.ActiveCfg = Debug|Any CPU
		{34E2C3E9-3D08-42BF-927D-3E585279CAD7}.Debug|Any CPU.Build.0 = Debug|Any CPU
		{34E2C3E9-3D08-42BF-927D-3E585279CAD7}.Release|Any CPU.ActiveCfg = Release|Any CPU
		{34E2C3E9-3D08-42BF-927D-3E585279CAD7}.Release|Any CPU.Build.0 = Release|Any CPU
	EndGlobalSection
	GlobalSection(SolutionProperties) = preSolution
		HideSolutionNode = FALSE
	EndGlobalSection
	GlobalSection(ExtensibilityGlobals) = postSolution
		SolutionGuid = {0D4C0A8F-BEC5-4694-B367-59C5B845C022}
	EndGlobalSection
EndGlobal
